
Microsoft Visual Studio Solution File, Format Version 12.00
# Visual Studio Version 17
VisualStudioVersion = 17.5.33516.290
MinimumVisualStudioVersion = 10.0.40219.1
Project("{9A19103F-16F7-4668-BE54-9A1E7A4F7556}") = "API_King", "API_King\API_King.csproj", "{1AA8CC22-E919-4ECA-BEAF-75A75B6758BB}"
EndProject
Project("{FAE04EC0-301F-11D3-BF4B-00C04F79EFBC}") = "API_King_Web", "API_King_Web\API_King_Web.csproj", "{D583642E-DCBB-4939-ABD7-91071966E0D2}"
	ProjectSection(ProjectDependencies) = postProject
		{38DA9770-5A4C-4C71-93B6-E149509C1938} = {38DA9770-5A4C-4C71-93B6-E149509C1938}
	EndProjectSection
EndProject
Project("{FAE04EC0-301F-11D3-BF4B-00C04F79EFBC}") = "API_King_Utilidad", "API_King_Utilidad\API_King_Utilidad.csproj", "{38DA9770-5A4C-4C71-93B6-E149509C1938}"
EndProject
Global
	GlobalSection(SolutionConfigurationPlatforms) = preSolution
		Debug|Any CPU = Debug|Any CPU
		Release|Any CPU = Release|Any CPU
	EndGlobalSection
	GlobalSection(ProjectConfigurationPlatforms) = postSolution
		{1AA8CC22-E919-4ECA-BEAF-75A75B6758BB}.Debug|Any CPU.ActiveCfg = Debug|Any CPU
		{1AA8CC22-E919-4ECA-BEAF-75A75B6758BB}.Debug|Any CPU.Build.0 = Debug|Any CPU
		{1AA8CC22-E919-4ECA-BEAF-75A75B6758BB}.Release|Any CPU.ActiveCfg = Release|Any CPU
		{1AA8CC22-E919-4ECA-BEAF-75A75B6758BB}.Release|Any CPU.Build.0 = Release|Any CPU
		{D583642E-DCBB-4939-ABD7-91071966E0D2}.Debug|Any CPU.ActiveCfg = Debug|Any CPU
		{D583642E-DCBB-4939-ABD7-91071966E0D2}.Debug|Any CPU.Build.0 = Debug|Any CPU
		{D583642E-DCBB-4939-ABD7-91071966E0D2}.Release|Any CPU.ActiveCfg = Release|Any CPU
		{D583642E-DCBB-4939-ABD7-91071966E0D2}.Release|Any CPU.Build.0 = Release|Any CPU
		{38DA9770-5A4C-4C71-93B6-E149509C1938}.Debug|Any CPU.ActiveCfg = Debug|Any CPU
		{38DA9770-5A4C-4C71-93B6-E149509C1938}.Debug|Any CPU.Build.0 = Debug|Any CPU
		{38DA9770-5A4C-4C71-93B6-E149509C1938}.Release|Any CPU.ActiveCfg = Release|Any CPU
		{38DA9770-5A4C-4C71-93B6-E149509C1938}.Release|Any CPU.Build.0 = Release|Any CPU
	EndGlobalSection
	GlobalSection(SolutionProperties) = preSolution
		HideSolutionNode = FALSE
	EndGlobalSection
	GlobalSection(ExtensibilityGlobals) = postSolution
		SolutionGuid = {85677B92-6F16-4B53-8A16-E5187A916E04}
	EndGlobalSection
EndGlobal
